
Microsoft Visual Studio Solution File, Format Version 12.00
# Visual Studio Version 17
VisualStudioVersion = 17.3.32825.248
MinimumVisualStudioVersion = 10.0.40219.1
Project("{FAE04EC0-301F-11D3-BF4B-00C04F79EFBC}") = "Info++", "Info++\Info++.csproj", "{0E6F89BC-4FD0-4146-AB4C-1B0D7CBAA5A3}"
EndProject
Global
	GlobalSection(SolutionConfigurationPlatforms) = preSolution
		Debug|Any CPU = Debug|Any CPU
		Release|Any CPU = Release|Any CPU
	EndGlobalSection
	GlobalSection(ProjectConfigurationPlatforms) = postSolution
		{0E6F89BC-4FD0-4146-AB4C-1B0D7CBAA5A3}.Debug|Any CPU.ActiveCfg = Debug|Any CPU
		{0E6F89BC-4FD0-4146-AB4C-1B0D7CBAA5A3}.Debug|Any CPU.Build.0 = Debug|Any CPU
		{0E6F89BC-4FD0-4146-AB4C-1B0D7CBAA5A3}.Release|Any CPU.ActiveCfg = Release|Any CPU
		{0E6F89BC-4FD0-4146-AB4C-1B0D7CBAA5A3}.Release|Any CPU.Build.0 = Release|Any CPU
	EndGlobalSection
	GlobalSection(SolutionProperties) = preSolution
		HideSolutionNode = FALSE
	EndGlobalSection
	GlobalSection(ExtensibilityGlobals) = postSolution
		SolutionGuid = {C7E334EC-9507-4C03-BACC-5A937FAE351B}
	EndGlobalSection
EndGlobal
